
Microsoft Visual Studio Solution File, Format Version 12.00
# Visual Studio Version 17
VisualStudioVersion = 17.6.33712.159
MinimumVisualStudioVersion = 10.0.40219.1
Project("{FAE04EC0-301F-11D3-BF4B-00C04F79EFBC}") = "BiletyGSU", "BiletyGSU\BiletyGSU.csproj", "{206BCEAA-F68C-425B-AE56-CE5053930FE8}"
EndProject
Global
	GlobalSection(SolutionConfigurationPlatforms) = preSolution
		Debug|Any CPU = Debug|Any CPU
		Release|Any CPU = Release|Any CPU
	EndGlobalSection
	GlobalSection(ProjectConfigurationPlatforms) = postSolution
		{206BCEAA-F68C-425B-AE56-CE5053930FE8}.Debug|Any CPU.ActiveCfg = Debug|Any CPU
		{206BCEAA-F68C-425B-AE56-CE5053930FE8}.Debug|Any CPU.Build.0 = Debug|Any CPU
		{206BCEAA-F68C-425B-AE56-CE5053930FE8}.Release|Any CPU.ActiveCfg = Release|Any CPU
		{206BCEAA-F68C-425B-AE56-CE5053930FE8}.Release|Any CPU.Build.0 = Release|Any CPU
	EndGlobalSection
	GlobalSection(SolutionProperties) = preSolution
		HideSolutionNode = FALSE
	EndGlobalSection
	GlobalSection(ExtensibilityGlobals) = postSolution
		SolutionGuid = {CBA5343A-8CB1-491F-9ED0-84186B03C1D8}
	EndGlobalSection
EndGlobal
